
Microsoft Visual Studio Solution File, Format Version 12.00
# Visual Studio Version 16
VisualStudioVersion = 16.0.30503.244
MinimumVisualStudioVersion = 10.0.40219.1
Project("{FAE04EC0-301F-11D3-BF4B-00C04F79EFBC}") = "Compilador", "Compilador.csproj", "{DB46CA7E-2244-408A-B846-76220941D6AF}"
EndProject
Global
	GlobalSection(SolutionConfigurationPlatforms) = preSolution
		Debug|Any CPU = Debug|Any CPU
		Release|Any CPU = Release|Any CPU
	EndGlobalSection
	GlobalSection(ProjectConfigurationPlatforms) = postSolution
		{DB46CA7E-2244-408A-B846-76220941D6AF}.Debug|Any CPU.ActiveCfg = Debug|Any CPU
		{DB46CA7E-2244-408A-B846-76220941D6AF}.Debug|Any CPU.Build.0 = Debug|Any CPU
		{DB46CA7E-2244-408A-B846-76220941D6AF}.Release|Any CPU.ActiveCfg = Release|Any CPU
		{DB46CA7E-2244-408A-B846-76220941D6AF}.Release|Any CPU.Build.0 = Release|Any CPU
	EndGlobalSection
	GlobalSection(SolutionProperties) = preSolution
		HideSolutionNode = FALSE
	EndGlobalSection
	GlobalSection(ExtensibilityGlobals) = postSolution
		SolutionGuid = {4A82A755-961B-44C2-A610-A95DC55E0E3F}
	EndGlobalSection
EndGlobal
